
Microsoft Visual Studio Solution File, Format Version 12.00
# Visual Studio Version 17
VisualStudioVersion = 17.14.36623.8 d17.14
MinimumVisualStudioVersion = 10.0.40219.1
Project("{FAE04EC0-301F-11D3-BF4B-00C04F79EFBC}") = "lab11", "lab11\lab11.csproj", "{8E35C4F1-7EF0-403D-9624-FC8AD0D146C0}"
EndProject
Global
	GlobalSection(SolutionConfigurationPlatforms) = preSolution
		Debug|Any CPU = Debug|Any CPU
		Release|Any CPU = Release|Any CPU
	EndGlobalSection
	GlobalSection(ProjectConfigurationPlatforms) = postSolution
		{8E35C4F1-7EF0-403D-9624-FC8AD0D146C0}.Debug|Any CPU.ActiveCfg = Debug|Any CPU
		{8E35C4F1-7EF0-403D-9624-FC8AD0D146C0}.Debug|Any CPU.Build.0 = Debug|Any CPU
		{8E35C4F1-7EF0-403D-9624-FC8AD0D146C0}.Release|Any CPU.ActiveCfg = Release|Any CPU
		{8E35C4F1-7EF0-403D-9624-FC8AD0D146C0}.Release|Any CPU.Build.0 = Release|Any CPU
	EndGlobalSection
	GlobalSection(SolutionProperties) = preSolution
		HideSolutionNode = FALSE
	EndGlobalSection
	GlobalSection(ExtensibilityGlobals) = postSolution
		SolutionGuid = {E2953013-F8FC-458D-8FF8-851CF549C6D8}
	EndGlobalSection
EndGlobal
