
Microsoft Visual Studio Solution File, Format Version 12.00
# Visual Studio Version 17
VisualStudioVersion = 17.14.36623.8 d17.14
MinimumVisualStudioVersion = 10.0.40219.1
Project("{FAE04EC0-301F-11D3-BF4B-00C04F79EFBC}") = "lab18", "lab18.csproj", "{8A8F3669-4C1D-4036-AE89-A7177970E0A5}"
EndProject
Global
	GlobalSection(SolutionConfigurationPlatforms) = preSolution
		Debug|Any CPU = Debug|Any CPU
		Release|Any CPU = Release|Any CPU
	EndGlobalSection
	GlobalSection(ProjectConfigurationPlatforms) = postSolution
		{8A8F3669-4C1D-4036-AE89-A7177970E0A5}.Debug|Any CPU.ActiveCfg = Debug|Any CPU
		{8A8F3669-4C1D-4036-AE89-A7177970E0A5}.Debug|Any CPU.Build.0 = Debug|Any CPU
		{8A8F3669-4C1D-4036-AE89-A7177970E0A5}.Release|Any CPU.ActiveCfg = Release|Any CPU
		{8A8F3669-4C1D-4036-AE89-A7177970E0A5}.Release|Any CPU.Build.0 = Release|Any CPU
	EndGlobalSection
	GlobalSection(SolutionProperties) = preSolution
		HideSolutionNode = FALSE
	EndGlobalSection
	GlobalSection(ExtensibilityGlobals) = postSolution
		SolutionGuid = {E47B5AC2-7427-429B-AC60-B7C66C7BE133}
	EndGlobalSection
EndGlobal
