
Microsoft Visual Studio Solution File, Format Version 12.00
# Visual Studio Version 17
VisualStudioVersion = 17.14.36623.8 d17.14
MinimumVisualStudioVersion = 10.0.40219.1
Project("{FAE04EC0-301F-11D3-BF4B-00C04F79EFBC}") = "lab17", "lab17.csproj", "{FEB82111-2231-41DC-8E09-438171C52E34}"
EndProject
Global
	GlobalSection(SolutionConfigurationPlatforms) = preSolution
		Debug|Any CPU = Debug|Any CPU
		Release|Any CPU = Release|Any CPU
	EndGlobalSection
	GlobalSection(ProjectConfigurationPlatforms) = postSolution
		{FEB82111-2231-41DC-8E09-438171C52E34}.Debug|Any CPU.ActiveCfg = Debug|Any CPU
		{FEB82111-2231-41DC-8E09-438171C52E34}.Debug|Any CPU.Build.0 = Debug|Any CPU
		{FEB82111-2231-41DC-8E09-438171C52E34}.Release|Any CPU.ActiveCfg = Release|Any CPU
		{FEB82111-2231-41DC-8E09-438171C52E34}.Release|Any CPU.Build.0 = Release|Any CPU
	EndGlobalSection
	GlobalSection(SolutionProperties) = preSolution
		HideSolutionNode = FALSE
	EndGlobalSection
	GlobalSection(ExtensibilityGlobals) = postSolution
		SolutionGuid = {E52BBFD7-EB3C-4812-B337-C9976C804572}
	EndGlobalSection
EndGlobal
