
Microsoft Visual Studio Solution File, Format Version 12.00
# Visual Studio Version 17
VisualStudioVersion = 17.14.36623.8 d17.14
MinimumVisualStudioVersion = 10.0.40219.1
Project("{FAE04EC0-301F-11D3-BF4B-00C04F79EFBC}") = "lab16", "lab16.csproj", "{AB3FD83A-2307-42CF-8FD5-A8AF6E2832F6}"
EndProject
Global
	GlobalSection(SolutionConfigurationPlatforms) = preSolution
		Debug|Any CPU = Debug|Any CPU
		Release|Any CPU = Release|Any CPU
	EndGlobalSection
	GlobalSection(ProjectConfigurationPlatforms) = postSolution
		{AB3FD83A-2307-42CF-8FD5-A8AF6E2832F6}.Debug|Any CPU.ActiveCfg = Debug|Any CPU
		{AB3FD83A-2307-42CF-8FD5-A8AF6E2832F6}.Debug|Any CPU.Build.0 = Debug|Any CPU
		{AB3FD83A-2307-42CF-8FD5-A8AF6E2832F6}.Release|Any CPU.ActiveCfg = Release|Any CPU
		{AB3FD83A-2307-42CF-8FD5-A8AF6E2832F6}.Release|Any CPU.Build.0 = Release|Any CPU
	EndGlobalSection
	GlobalSection(SolutionProperties) = preSolution
		HideSolutionNode = FALSE
	EndGlobalSection
	GlobalSection(ExtensibilityGlobals) = postSolution
		SolutionGuid = {47F43E02-67E4-49A1-A129-25457658575B}
	EndGlobalSection
EndGlobal
