
Microsoft Visual Studio Solution File, Format Version 12.00
# Visual Studio Version 17
VisualStudioVersion = 17.14.36623.8 d17.14
MinimumVisualStudioVersion = 10.0.40219.1
Project("{FAE04EC0-301F-11D3-BF4B-00C04F79EFBC}") = "lab15", "lab15.csproj", "{3A742058-972E-466C-89D6-CD40223AEB4B}"
EndProject
Global
	GlobalSection(SolutionConfigurationPlatforms) = preSolution
		Debug|Any CPU = Debug|Any CPU
		Release|Any CPU = Release|Any CPU
	EndGlobalSection
	GlobalSection(ProjectConfigurationPlatforms) = postSolution
		{3A742058-972E-466C-89D6-CD40223AEB4B}.Debug|Any CPU.ActiveCfg = Debug|Any CPU
		{3A742058-972E-466C-89D6-CD40223AEB4B}.Debug|Any CPU.Build.0 = Debug|Any CPU
		{3A742058-972E-466C-89D6-CD40223AEB4B}.Release|Any CPU.ActiveCfg = Release|Any CPU
		{3A742058-972E-466C-89D6-CD40223AEB4B}.Release|Any CPU.Build.0 = Release|Any CPU
	EndGlobalSection
	GlobalSection(SolutionProperties) = preSolution
		HideSolutionNode = FALSE
	EndGlobalSection
	GlobalSection(ExtensibilityGlobals) = postSolution
		SolutionGuid = {7D4E9BDE-AD91-4BFF-874D-185477B5BA1D}
	EndGlobalSection
EndGlobal
