
Microsoft Visual Studio Solution File, Format Version 12.00
# Visual Studio Version 17
VisualStudioVersion = 17.14.36623.8 d17.14
MinimumVisualStudioVersion = 10.0.40219.1
Project("{FAE04EC0-301F-11D3-BF4B-00C04F79EFBC}") = "lab14", "lab14.csproj", "{0BB5CD56-5589-43F6-969E-A75362D4A21E}"
EndProject
Global
	GlobalSection(SolutionConfigurationPlatforms) = preSolution
		Debug|Any CPU = Debug|Any CPU
		Release|Any CPU = Release|Any CPU
	EndGlobalSection
	GlobalSection(ProjectConfigurationPlatforms) = postSolution
		{0BB5CD56-5589-43F6-969E-A75362D4A21E}.Debug|Any CPU.ActiveCfg = Debug|Any CPU
		{0BB5CD56-5589-43F6-969E-A75362D4A21E}.Debug|Any CPU.Build.0 = Debug|Any CPU
		{0BB5CD56-5589-43F6-969E-A75362D4A21E}.Release|Any CPU.ActiveCfg = Release|Any CPU
		{0BB5CD56-5589-43F6-969E-A75362D4A21E}.Release|Any CPU.Build.0 = Release|Any CPU
	EndGlobalSection
	GlobalSection(SolutionProperties) = preSolution
		HideSolutionNode = FALSE
	EndGlobalSection
	GlobalSection(ExtensibilityGlobals) = postSolution
		SolutionGuid = {36CCAD0A-9B0B-4B64-B42B-BF0F2B1FD715}
	EndGlobalSection
EndGlobal
