
Microsoft Visual Studio Solution File, Format Version 12.00
# Visual Studio Version 17
VisualStudioVersion = 17.11.35312.102
MinimumVisualStudioVersion = 10.0.40219.1
Project("{FAE04EC0-301F-11D3-BF4B-00C04F79EFBC}") = "lab4", "lab4.csproj", "{5E50E990-AEC0-43CF-BB1D-C8EB5F529802}"
EndProject
Global
	GlobalSection(SolutionConfigurationPlatforms) = preSolution
		Debug|Any CPU = Debug|Any CPU
		Release|Any CPU = Release|Any CPU
	EndGlobalSection
	GlobalSection(ProjectConfigurationPlatforms) = postSolution
		{5E50E990-AEC0-43CF-BB1D-C8EB5F529802}.Debug|Any CPU.ActiveCfg = Debug|Any CPU
		{5E50E990-AEC0-43CF-BB1D-C8EB5F529802}.Debug|Any CPU.Build.0 = Debug|Any CPU
		{5E50E990-AEC0-43CF-BB1D-C8EB5F529802}.Release|Any CPU.ActiveCfg = Release|Any CPU
		{5E50E990-AEC0-43CF-BB1D-C8EB5F529802}.Release|Any CPU.Build.0 = Release|Any CPU
	EndGlobalSection
	GlobalSection(SolutionProperties) = preSolution
		HideSolutionNode = FALSE
	EndGlobalSection
	GlobalSection(ExtensibilityGlobals) = postSolution
		SolutionGuid = {C072C113-AB14-4C59-8F7B-8489649416FD}
	EndGlobalSection
EndGlobal
