
Microsoft Visual Studio Solution File, Format Version 12.00
# Visual Studio Version 17
VisualStudioVersion = 17.14.36623.8 d17.14
MinimumVisualStudioVersion = 10.0.40219.1
Project("{FAE04EC0-301F-11D3-BF4B-00C04F79EFBC}") = "lab13", "lab13.csproj", "{F31F88BD-B5DB-4697-8AB0-E35558AF22F1}"
EndProject
Global
	GlobalSection(SolutionConfigurationPlatforms) = preSolution
		Debug|Any CPU = Debug|Any CPU
		Release|Any CPU = Release|Any CPU
	EndGlobalSection
	GlobalSection(ProjectConfigurationPlatforms) = postSolution
		{F31F88BD-B5DB-4697-8AB0-E35558AF22F1}.Debug|Any CPU.ActiveCfg = Debug|Any CPU
		{F31F88BD-B5DB-4697-8AB0-E35558AF22F1}.Debug|Any CPU.Build.0 = Debug|Any CPU
		{F31F88BD-B5DB-4697-8AB0-E35558AF22F1}.Release|Any CPU.ActiveCfg = Release|Any CPU
		{F31F88BD-B5DB-4697-8AB0-E35558AF22F1}.Release|Any CPU.Build.0 = Release|Any CPU
	EndGlobalSection
	GlobalSection(SolutionProperties) = preSolution
		HideSolutionNode = FALSE
	EndGlobalSection
	GlobalSection(ExtensibilityGlobals) = postSolution
		SolutionGuid = {EE5506FC-115E-4CED-ADEA-6659A632F797}
	EndGlobalSection
EndGlobal
